
Microsoft Visual Studio Solution File, Format Version 12.00
# Visual Studio Version 17
VisualStudioVersion = 17.0.31903.59
MinimumVisualStudioVersion = 10.0.40219.1
Project("{FAE04EC0-301F-11D3-BF4B-00C04F79EFBC}") = "Techwiz", "Techwiz\Techwiz.csproj", "{9376E612-A2BE-43A6-8A1A-462DFE0B64E5}"
EndProject
Project("{FAE04EC0-301F-11D3-BF4B-00C04F79EFBC}") = "Techwiz.Tests", "Techwiz.Tests\Techwiz.Tests.csproj", "{66A9E8BB-E391-4AC4-B616-71C42429B72D}"
EndProject
Global
	GlobalSection(SolutionConfigurationPlatforms) = preSolution
		Debug|Any CPU = Debug|Any CPU
		Release|Any CPU = Release|Any CPU
	EndGlobalSection
	GlobalSection(SolutionProperties) = preSolution
		HideSolutionNode = FALSE
	EndGlobalSection
	GlobalSection(ProjectConfigurationPlatforms) = postSolution
		{9376E612-A2BE-43A6-8A1A-462DFE0B64E5}.Debug|Any CPU.ActiveCfg = Debug|Any CPU
		{9376E612-A2BE-43A6-8A1A-462DFE0B64E5}.Debug|Any CPU.Build.0 = Debug|Any CPU
		{9376E612-A2BE-43A6-8A1A-462DFE0B64E5}.Release|Any CPU.ActiveCfg = Release|Any CPU
		{9376E612-A2BE-43A6-8A1A-462DFE0B64E5}.Release|Any CPU.Build.0 = Release|Any CPU
		{66A9E8BB-E391-4AC4-B616-71C42429B72D}.Debug|Any CPU.ActiveCfg = Debug|Any CPU
		{66A9E8BB-E391-4AC4-B616-71C42429B72D}.Debug|Any CPU.Build.0 = Debug|Any CPU
		{66A9E8BB-E391-4AC4-B616-71C42429B72D}.Release|Any CPU.ActiveCfg = Release|Any CPU
		{66A9E8BB-E391-4AC4-B616-71C42429B72D}.Release|Any CPU.Build.0 = Release|Any CPU
	EndGlobalSection
EndGlobal
